
Microsoft Visual Studio Solution File, Format Version 12.00
# Visual Studio Version 16
VisualStudioVersion = 16.0.29009.5
MinimumVisualStudioVersion = 10.0.40219.1
Project("{FAE04EC0-301F-11D3-BF4B-00C04F79EFBC}") = "Khumor Chang Portfolio", "Khumor Chang Portfolio\Khumor Chang Portfolio.csproj", "{715C3263-EE90-4EE1-8028-B3C2835638AD}"
EndProject
Global
	GlobalSection(SolutionConfigurationPlatforms) = preSolution
		Debug|Any CPU = Debug|Any CPU
		Release|Any CPU = Release|Any CPU
	EndGlobalSection
	GlobalSection(ProjectConfigurationPlatforms) = postSolution
		{715C3263-EE90-4EE1-8028-B3C2835638AD}.Debug|Any CPU.ActiveCfg = Debug|Any CPU
		{715C3263-EE90-4EE1-8028-B3C2835638AD}.Debug|Any CPU.Build.0 = Debug|Any CPU
		{715C3263-EE90-4EE1-8028-B3C2835638AD}.Release|Any CPU.ActiveCfg = Release|Any CPU
		{715C3263-EE90-4EE1-8028-B3C2835638AD}.Release|Any CPU.Build.0 = Release|Any CPU
	EndGlobalSection
	GlobalSection(SolutionProperties) = preSolution
		HideSolutionNode = FALSE
	EndGlobalSection
	GlobalSection(ExtensibilityGlobals) = postSolution
		SolutionGuid = {1EB27375-B7EB-420A-97BE-189F2C7976CE}
	EndGlobalSection
EndGlobal
